dependencies:
- name: victoria-metrics-single
  repository: oci://ghcr.io/victoriametrics/helm-charts
  version: 0.46.0
- name: victoria-logs-single
  repository: oci://ghcr.io/victoriametrics/helm-charts
  version: 0.13.9
- name: opentelemetry-collector
  repository: https://open-telemetry.github.io/opentelemetry-helm-charts
  version: 0.173.1
- name: opentelemetry-collector
  repository: https://open-telemetry.github.io/opentelemetry-helm-charts
  version: 0.173.1
- name: kube-state-metrics
  repository: oci://ghcr.io/prometheus-community/charts
  version: 8.5.0
digest: sha256:32a49e65ad51e1f2a528b92bfbb425e772c93aa25dade30cadbaf5fd57582c6e
generated: "2026-09-16T12:12:25.368252772Z"
