dependencies:
- name: victoria-metrics-single
  repository: oci://ghcr.io/victoriametrics/helm-charts
  version: 0.45.0
- name: victoria-logs-single
  repository: oci://ghcr.io/victoriametrics/helm-charts
  version: 0.13.9
- name: opentelemetry-collector
  repository: https://open-telemetry.github.io/opentelemetry-helm-charts
  version: 0.170.0
- name: opentelemetry-collector
  repository: https://open-telemetry.github.io/opentelemetry-helm-charts
  version: 0.170.0
- name: kube-state-metrics
  repository: oci://ghcr.io/prometheus-community/charts
  version: 8.4.0
digest: sha256:07d1c1ada83e92e9bbe885b5db5950b85b56998fa908371a91fe1f93dd64ac17
generated: "2026-08-19T06:10:29.751080739Z"
