dependencies:
- name: gerrit-operator
  repository: file://../vendor/gerrit-operator
  version: 0.1.2
- name: gerrit-operator-crds
  repository: file://../vendor/gerrit-operator-crds
  version: 0.2.2
digest: sha256:80eb674e04e1b6e17be10d71094b4968a6f20fcb9f2edf7cde0b1db99b01afd9
generated: "2026-08-22T00:41:17.699681059+02:00"
