dependencies:
- name: gerrit-operator
  repository: file://../vendor/gerrit-operator
  version: 0.1.2
- name: gerrit-operator-crds
  repository: file://../vendor/gerrit-operator-crds
  version: 0.2.0
digest: sha256:1f0f1e51a73ee5b993180b7a6c9993c243900bce3e65e257579b89ba00de8456
generated: "2026-06-12T10:27:01.634033353+02:00"
